{
  "version": 4,
  "terraform_version": "1.11.1",
  "serial": 514,
  "lineage": "c1f9f863-2523-99ed-60ab-9da293b225ec",
  "outputs": {
    "backend_public_dns": {
      "value": "ec2-44-202-239-233.compute-1.amazonaws.com",
      "type": "string"
    },
    "backend_url": {
      "value": "http://ec2-44-202-239-233.compute-1.amazonaws.com:3000",
      "type": "string"
    },
    "cognito_app_client_id": {
      "value": "6vl5mojf6q75r1miopvvhlqg0h",
      "type": "string"
    },
    "cognito_user_pool_arn": {
      "value": "arn:aws:cognito-idp:us-east-1:961341510224:userpool/us-east-1_VEsZyy4ds",
      "type": "string"
    },
    "cognito_user_pool_id": {
      "value": "us-east-1_VEsZyy4ds",
      "type": "string"
    },
    "db_endpoint": {
      "value": "raabtanow-db.cs9siyyky9qw.us-east-1.rds.amazonaws.com:5432",
      "type": "string"
    },
    "db_name": {
      "value": "raabta",
      "type": "string"
    },
    "db_password": {
      "value": "h6pPI#!-=#f#M)aQ",
      "type": "string",
      "sensitive": true
    },
    "db_port": {
      "value": 5432,
      "type": "number"
    },
    "db_username": {
      "value": "postgres",
      "type": "string"
    }
  },
  "resources": [
    {
      "mode": "data",
      "type": "aws_ssm_parameter",
      "name": "al2023_ami",
      "provider": "provider[\"registry.terraform.io/hashicorp/aws\"]",
      "instances": [
        {
          "schema_version": 0,
          "attributes": {
            "arn": "arn:aws:ssm:us-east-1::parameter/aws/service/ami-amazon-linux-latest/al2023-ami-kernel-default-x86_64",
            "id": "/aws/service/ami-amazon-linux-latest/al2023-ami-kernel-default-x86_64",
            "insecure_value": "ami-0e449927258d45bc4",
            "name": "/aws/service/ami-amazon-linux-latest/al2023-ami-kernel-default-x86_64",
            "type": "String",
            "value": "ami-0e449927258d45bc4",
            "version": 116,
            "with_decryption": true
          },
          "sensitive_attributes": [
            [
              {
                "type": "get_attr",
                "value": "value"
              }
            ]
          ]
        }
      ]
    },
    {
      "mode": "data",
      "type": "aws_vpc",
      "name": "default",
      "provider": "provider[\"registry.terraform.io/hashicorp/aws\"]",
      "instances": [
        {
          "schema_version": 0,
          "attributes": {
            "arn": "arn:aws:ec2:us-east-1:961341510224:vpc/vpc-092854421ecb68a89",
            "cidr_block": "172.31.0.0/16",
            "cidr_block_associations": [
              {
                "association_id": "vpc-cidr-assoc-0f2e21d612d8d358b",
                "cidr_block": "172.31.0.0/16",
                "state": "associated"
              }
            ],
            "default": true,
            "dhcp_options_id": "dopt-062aeb532ab32e1da",
            "enable_dns_hostnames": true,
            "enable_dns_support": true,
            "enable_network_address_usage_metrics": false,
            "filter": null,
            "id": "vpc-092854421ecb68a89",
            "instance_tenancy": "default",
            "ipv6_association_id": "",
            "ipv6_cidr_block": "",
            "main_route_table_id": "rtb-0018fe4a963d30af3",
            "owner_id": "961341510224",
            "state": null,
            "tags": {},
            "timeouts": null
          },
          "sensitive_attributes": []
        }
      ]
    },
    {
      "mode": "managed",
      "type": "local_file",
      "name": "backend_env",
      "provider": "provider[\"registry.terraform.io/hashicorp/local\"]",
      "instances": [
        {
          "schema_version": 0,
          "attributes": {
            "content": "AWS_REGION=us-east-1\r\nCOGNITO_USER_POOL_ID=us-east-1_VEsZyy4ds\r\nCOGNITO_CLIENT_ID=6vl5mojf6q75r1miopvvhlqg0h\r\nDB_ENDPOINT=raabtanow-db.cs9siyyky9qw.us-east-1.rds.amazonaws.com:5432\r\nDB_PORT=5432\r\nDB_NAME=raabta\r\nDB_USERNAME=postgres\r\nDB_PASSWORD=h6pPI#!-=#f#M)aQ\r\n",
            "content_base64": null,
            "content_base64sha256": "+/SCfHQxqLobofycV4fpSGI+BdqVW9yDiYPIHhzBLpc=",
            "content_base64sha512": "4AYsaZXtVMwUTP2a+yLeKCxGnKn2vcnvVJv9uEGCKmbEWP1nGwJ1pGxlus8Avz8k8bi966aBZufjUpsUHXn1/Q==",
            "content_md5": "74d5158c555133ce7c21a69ab1a3c259",
            "content_sha1": "d7f0f64f9507d68e8d4483da18c1474a32549d1f",
            "content_sha256": "fbf4827c7431a8ba1ba1fc9c5787e948623e05da955bdc838983c81e1cc12e97",
            "content_sha512": "e0062c6995ed54cc144cfd9afb22de282c469ca9f6bdc9ef549bfdb841822a66c458fd671b0275a46c65bacf00bf3f24f1b8bdeba68166e7e3529b141d79f5fd",
            "directory_permission": "0777",
            "file_permission": "0777",
            "filename": "./../backend/.env",
            "id": "d7f0f64f9507d68e8d4483da18c1474a32549d1f",
            "sensitive_content": null,
            "source": null
          },
          "sensitive_attributes": [
            [
              {
                "type": "get_attr",
                "value": "content"
              }
            ],
            [
              {
                "type": "get_attr",
                "value": "sensitive_content"
              }
            ]
          ],
          "dependencies": [
            "module.cognito.aws_cognito_user_group.groups",
            "module.cognito.aws_cognito_user_pool.this",
            "module.cognito.aws_cognito_user_pool_client.app",
            "module.rds.aws_db_instance.this",
            "module.rds.aws_db_subnet_group.this",
            "module.rds.aws_security_group.rds",
            "module.rds.data.aws_subnets.default",
            "module.rds.data.aws_vpc.default",
            "module.rds.random_password.rds"
          ]
        }
      ]
    },
    {
      "module": "module.cognito",
      "mode": "managed",
      "type": "aws_cognito_user_group",
      "name": "groups",
      "provider": "provider[\"registry.terraform.io/hashicorp/aws\"]",
      "instances": [
        {
          "index_key": "candidate",
          "schema_version": 0,
          "attributes": {
            "description": "RaabtaNow candidate group",
            "id": "us-east-1_VEsZyy4ds/candidate",
            "name": "candidate",
            "precedence": 0,
            "role_arn": "",
            "user_pool_id": "us-east-1_VEsZyy4ds"
          },
          "sensitive_attributes": [],
          "private": "bnVsbA==",
          "dependencies": [
            "module.cognito.aws_cognito_user_pool.this"
          ]
        },
        {
          "index_key": "recruiter",
          "schema_version": 0,
          "attributes": {
            "description": "RaabtaNow recruiter group",
            "id": "us-east-1_VEsZyy4ds/recruiter",
            "name": "recruiter",
            "precedence": 0,
            "role_arn": "",
            "user_pool_id": "us-east-1_VEsZyy4ds"
          },
          "sensitive_attributes": [],
          "private": "bnVsbA==",
          "dependencies": [
            "module.cognito.aws_cognito_user_pool.this"
          ]
        }
      ]
    },
    {
      "module": "module.cognito",
      "mode": "managed",
      "type": "aws_cognito_user_pool",
      "name": "this",
      "provider": "provider[\"registry.terraform.io/hashicorp/aws\"]",
      "instances": [
        {
          "schema_version": 0,
          "attributes": {
            "account_recovery_setting": [
              {
                "recovery_mechanism": [
                  {
                    "name": "verified_email",
                    "priority": 1
                  }
                ]
              }
            ],
            "admin_create_user_config": [
              {
                "allow_admin_create_user_only": false,
                "invite_message_template": []
              }
            ],
            "alias_attributes": null,
            "arn": "arn:aws:cognito-idp:us-east-1:961341510224:userpool/us-east-1_VEsZyy4ds",
            "auto_verified_attributes": [
              "email"
            ],
            "creation_date": "2025-04-23T18:59:07Z",
            "custom_domain": "",
            "deletion_protection": "INACTIVE",
            "device_configuration": [],
            "domain": "",
            "email_configuration": [
              {
                "configuration_set": "",
                "email_sending_account": "COGNITO_DEFAULT",
                "from_email_address": "",
                "reply_to_email_address": "",
                "source_arn": ""
              }
            ],
            "email_mfa_configuration": [],
            "email_verification_message": "",
            "email_verification_subject": "",
            "endpoint": "cognito-idp.us-east-1.amazonaws.com/us-east-1_VEsZyy4ds",
            "estimated_number_of_users": 0,
            "id": "us-east-1_VEsZyy4ds",
            "lambda_config": [],
            "last_modified_date": "2025-04-23T18:59:07Z",
            "mfa_configuration": "OFF",
            "name": "RaabtaNow-pool",
            "password_policy": [
              {
                "minimum_length": 8,
                "password_history_size": 0,
                "require_lowercase": true,
                "require_numbers": true,
                "require_symbols": true,
                "require_uppercase": true,
                "temporary_password_validity_days": 7
              }
            ],
            "schema": [],
            "sign_in_policy": [
              {
                "allowed_first_auth_factors": [
                  "PASSWORD"
                ]
              }
            ],
            "sms_authentication_message": "",
            "sms_configuration": [],
            "sms_verification_message": "",
            "software_token_mfa_configuration": [],
            "tags": {
              "Name": "RaabtaNow-user-pool",
              "Project": "RaabtaNow"
            },
            "tags_all": {
              "Name": "RaabtaNow-user-pool",
              "Project": "RaabtaNow"
            },
            "user_attribute_update_settings": [],
            "user_pool_add_ons": [],
            "user_pool_tier": "ESSENTIALS",
            "username_attributes": [
              "email"
            ],
            "username_configuration": [],
            "verification_message_template": [
              {
                "default_email_option": "CONFIRM_WITH_CODE",
                "email_message": "",
                "email_message_by_link": "",
                "email_subject": "",
                "email_subject_by_link": "",
                "sms_message": ""
              }
            ],
            "web_authn_configuration": []
          },
          "sensitive_attributes": [],
          "private": "bnVsbA=="
        }
      ]
    },
    {
      "module": "module.cognito",
      "mode": "managed",
      "type": "aws_cognito_user_pool_client",
      "name": "app",
      "provider": "provider[\"registry.terraform.io/hashicorp/aws\"]",
      "instances": [
        {
          "schema_version": 0,
          "attributes": {
            "access_token_validity": 0,
            "allowed_oauth_flows": [],
            "allowed_oauth_flows_user_pool_client": false,
            "allowed_oauth_scopes": [],
            "analytics_configuration": [],
            "auth_session_validity": 3,
            "callback_urls": [],
            "client_secret": "",
            "default_redirect_uri": "",
            "enable_propagate_additional_user_context_data": false,
            "enable_token_revocation": true,
            "explicit_auth_flows": [
              "ALLOW_REFRESH_TOKEN_AUTH",
              "ALLOW_USER_PASSWORD_AUTH",
              "ALLOW_USER_SRP_AUTH"
            ],
            "generate_secret": false,
            "id": "6vl5mojf6q75r1miopvvhlqg0h",
            "id_token_validity": 0,
            "logout_urls": [],
            "name": "RaabtaNow-app-client",
            "prevent_user_existence_errors": "",
            "read_attributes": [],
            "refresh_token_validity": 30,
            "supported_identity_providers": [],
            "token_validity_units": [],
            "user_pool_id": "us-east-1_VEsZyy4ds",
            "write_attributes": []
          },
          "sensitive_attributes": [
            [
              {
                "type": "get_attr",
                "value": "client_secret"
              }
            ]
          ],
          "dependencies": [
            "module.cognito.aws_cognito_user_pool.this"
          ]
        }
      ]
    },
    {
      "module": "module.ec2_backend",
      "mode": "managed",
      "type": "aws_iam_instance_profile",
      "name": "ssm_profile",
      "provider": "provider[\"registry.terraform.io/hashicorp/aws\"]",
      "instances": [
        {
          "schema_version": 0,
          "attributes": {
            "arn": "arn:aws:iam::961341510224:instance-profile/RaabtaNow-ec2-ssm-profile",
            "create_date": "2025-04-23T19:03:58Z",
            "id": "RaabtaNow-ec2-ssm-profile",
            "name": "RaabtaNow-ec2-ssm-profile",
            "name_prefix": "",
            "path": "/",
            "role": "RaabtaNow-ec2-ssm-role",
            "tags": {
              "Name": "RaabtaNow-ec2-ssm-profile"
            },
            "tags_all": {
              "Name": "RaabtaNow-ec2-ssm-profile",
              "Project": "RaabtaNow"
            },
            "unique_id": "AIPA57VDLKJIMNM7S5BNH"
          },
          "sensitive_attributes": [],
          "private": "bnVsbA==",
          "dependencies": [
            "module.cognito.aws_cognito_user_group.groups",
            "module.cognito.aws_cognito_user_pool.this",
            "module.cognito.aws_cognito_user_pool_client.app",
            "module.ec2_backend.aws_iam_role.ssm_role",
            "module.rds.aws_db_instance.this",
            "module.rds.aws_db_subnet_group.this",
            "module.rds.aws_security_group.rds",
            "module.rds.data.aws_subnets.default",
            "module.rds.data.aws_vpc.default",
            "module.rds.random_password.rds"
          ]
        }
      ]
    },
    {
      "module": "module.ec2_backend",
      "mode": "managed",
      "type": "aws_iam_role",
      "name": "ssm_role",
      "provider": "provider[\"registry.terraform.io/hashicorp/aws\"]",
      "instances": [
        {
          "schema_version": 0,
          "attributes": {
            "arn": "arn:aws:iam::961341510224:role/RaabtaNow-ec2-ssm-role",
            "assume_role_policy": "{\"Statement\":[{\"Action\":\"sts:AssumeRole\",\"Effect\":\"Allow\",\"Principal\":{\"Service\":\"ec2.amazonaws.com\"}}],\"Version\":\"2012-10-17\"}",
            "create_date": "2025-04-23T19:03:56Z",
            "description": "",
            "force_detach_policies": true,
            "id": "RaabtaNow-ec2-ssm-role",
            "inline_policy": [],
            "managed_policy_arns": [],
            "max_session_duration": 3600,
            "name": "RaabtaNow-ec2-ssm-role",
            "name_prefix": "",
            "path": "/",
            "permissions_boundary": "",
            "tags": {
              "Name": "RaabtaNow-ec2-ssm-role"
            },
            "tags_all": {
              "Name": "RaabtaNow-ec2-ssm-role",
              "Project": "RaabtaNow"
            },
            "unique_id": "AROA57VDLKJIPJ6B666DD"
          },
          "sensitive_attributes": [],
          "private": "bnVsbA==",
          "dependencies": [
            "module.cognito.aws_cognito_user_group.groups",
            "module.cognito.aws_cognito_user_pool.this",
            "module.cognito.aws_cognito_user_pool_client.app",
            "module.rds.aws_db_instance.this",
            "module.rds.aws_db_subnet_group.this",
            "module.rds.aws_security_group.rds",
            "module.rds.data.aws_subnets.default",
            "module.rds.data.aws_vpc.default",
            "module.rds.random_password.rds"
          ]
        }
      ]
    },
    {
      "module": "module.ec2_backend",
      "mode": "managed",
      "type": "aws_iam_role_policy",
      "name": "cognito_idp",
      "provider": "provider[\"registry.terraform.io/hashicorp/aws\"]",
      "instances": [
        {
          "schema_version": 0,
          "attributes": {
            "id": "RaabtaNow-ec2-ssm-role:RaabtaNow-ec2-cognito-idp",
            "name": "RaabtaNow-ec2-cognito-idp",
            "name_prefix": "",
            "policy": "{\"Version\":\"2012-10-17\",\"Statement\":[{\"Action\":[\"cognito-idp:SignUp\",\"cognito-idp:ConfirmSignUp\",\"cognito-idp:InitiateAuth\",\"cognito-idp:AdminAddUserToGroup\"],\"Effect\":\"Allow\",\"Resource\":\"arn:aws:cognito-idp:us-east-1:961341510224:userpool/us-east-1_VEsZyy4ds\"},{\"Action\":\"cognito-idp:AdminGetUser\",\"Effect\":\"Allow\",\"Resource\":\"arn:aws:cognito-idp:us-east-1:961341510224:userpool/us-east-1_VEsZyy4ds\"}]}",
            "role": "RaabtaNow-ec2-ssm-role"
          },
          "sensitive_attributes": [],
          "private": "bnVsbA==",
          "dependencies": [
            "module.cognito.aws_cognito_user_group.groups",
            "module.cognito.aws_cognito_user_pool.this",
            "module.cognito.aws_cognito_user_pool_client.app",
            "module.ec2_backend.aws_iam_role.ssm_role",
            "module.rds.aws_db_instance.this",
            "module.rds.aws_db_subnet_group.this",
            "module.rds.aws_security_group.rds",
            "module.rds.data.aws_subnets.default",
            "module.rds.data.aws_vpc.default",
            "module.rds.random_password.rds"
          ]
        }
      ]
    },
    {
      "module": "module.ec2_backend",
      "mode": "managed",
      "type": "aws_iam_role_policy_attachment",
      "name": "ssm_core",
      "provider": "provider[\"registry.terraform.io/hashicorp/aws\"]",
      "instances": [
        {
          "schema_version": 0,
          "attributes": {
            "id": "RaabtaNow-ec2-ssm-role-20250423190357397700000001",
            "policy_arn": "arn:aws:iam::aws:policy/AmazonSSMManagedInstanceCore",
            "role": "RaabtaNow-ec2-ssm-role"
          },
          "sensitive_attributes": [],
          "private": "bnVsbA==",
          "dependencies": [
            "module.cognito.aws_cognito_user_group.groups",
            "module.cognito.aws_cognito_user_pool.this",
            "module.cognito.aws_cognito_user_pool_client.app",
            "module.ec2_backend.aws_iam_role.ssm_role",
            "module.rds.aws_db_instance.this",
            "module.rds.aws_db_subnet_group.this",
            "module.rds.aws_security_group.rds",
            "module.rds.data.aws_subnets.default",
            "module.rds.data.aws_vpc.default",
            "module.rds.random_password.rds"
          ]
        }
      ]
    },
    {
      "module": "module.ec2_backend",
      "mode": "managed",
      "type": "aws_instance",
      "name": "this",
      "provider": "provider[\"registry.terraform.io/hashicorp/aws\"]",
      "instances": [
        {
          "schema_version": 1,
          "attributes": {
            "ami": "ami-0e449927258d45bc4",
            "arn": "arn:aws:ec2:us-east-1:961341510224:instance/i-0c52dfa404e8a8b25",
            "associate_public_ip_address": true,
            "availability_zone": "us-east-1b",
            "capacity_reservation_specification": [
              {
                "capacity_reservation_preference": "open",
                "capacity_reservation_target": []
              }
            ],
            "cpu_core_count": 1,
            "cpu_options": [
              {
                "amd_sev_snp": "",
                "core_count": 1,
                "threads_per_core": 1
              }
            ],
            "cpu_threads_per_core": 1,
            "credit_specification": [
              {
                "cpu_credits": "standard"
              }
            ],
            "disable_api_stop": false,
            "disable_api_termination": false,
            "ebs_block_device": [],
            "ebs_optimized": false,
            "enable_primary_ipv6": null,
            "enclave_options": [
              {
                "enabled": false
              }
            ],
            "ephemeral_block_device": [],
            "get_password_data": false,
            "hibernation": false,
            "host_id": "",
            "host_resource_group_arn": null,
            "iam_instance_profile": "RaabtaNow-ec2-ssm-profile",
            "id": "i-0c52dfa404e8a8b25",
            "instance_initiated_shutdown_behavior": "stop",
            "instance_lifecycle": "",
            "instance_market_options": [],
            "instance_state": "running",
            "instance_type": "t2.micro",
            "ipv6_address_count": 0,
            "ipv6_addresses": [],
            "key_name": "",
            "launch_template": [],
            "maintenance_options": [
              {
                "auto_recovery": "default"
              }
            ],
            "metadata_options": [
              {
                "http_endpoint": "enabled",
                "http_protocol_ipv6": "disabled",
                "http_put_response_hop_limit": 2,
                "http_tokens": "required",
                "instance_metadata_tags": "disabled"
              }
            ],
            "monitoring": false,
            "network_interface": [],
            "outpost_arn": "",
            "password_data": "",
            "placement_group": "",
            "placement_partition_number": 0,
            "primary_network_interface_id": "eni-03e4e8356c56b6049",
            "private_dns": "ip-172-31-93-115.ec2.internal",
            "private_dns_name_options": [
              {
                "enable_resource_name_dns_a_record": false,
                "enable_resource_name_dns_aaaa_record": false,
                "hostname_type": "ip-name"
              }
            ],
            "private_ip": "172.31.93.115",
            "public_dns": "ec2-44-202-239-233.compute-1.amazonaws.com",
            "public_ip": "44.202.239.233",
            "root_block_device": [
              {
                "delete_on_termination": true,
                "device_name": "/dev/xvda",
                "encrypted": false,
                "iops": 3000,
                "kms_key_id": "",
                "tags": {
                  "Project": "RaabtaNow"
                },
                "tags_all": {
                  "Project": "RaabtaNow"
                },
                "throughput": 125,
                "volume_id": "vol-04a4b9f0eceb04eb5",
                "volume_size": 8,
                "volume_type": "gp3"
              }
            ],
            "secondary_private_ips": [],
            "security_groups": [
              "RaabtaNow-ec2-sg"
            ],
            "source_dest_check": true,
            "spot_instance_request_id": "",
            "subnet_id": "subnet-04b610b436c728631",
            "tags": {
              "Name": "RaabtaNow-ec2-instance"
            },
            "tags_all": {
              "Name": "RaabtaNow-ec2-instance",
              "Project": "RaabtaNow"
            },
            "tenancy": "default",
            "timeouts": null,
            "user_data": "05997be34592e6e5db5b2d479ef19faef8493537",
            "user_data_base64": null,
            "user_data_replace_on_change": false,
            "volume_tags": null,
            "vpc_security_group_ids": [
              "sg-025650a7aaf92b3ec"
            ]
          },
          "sensitive_attributes": [
            [
              {
                "type": "get_attr",
                "value": "user_data"
              }
            ],
            [
              {
                "type": "get_attr",
                "value": "ami"
              }
            ]
          ],
          "private": "eyJlMmJmYjczMC1lY2FhLTExZTYtOGY4OC0zNDM2M2JjN2M0YzAiOnsiY3JlYXRlIjo2MDAwMDAwMDAwMDAsImRlbGV0ZSI6MTIwMDAwMDAwMDAwMCwicmVhZCI6OTAwMDAwMDAwMDAwLCJ1cGRhdGUiOjYwMDAwMDAwMDAwMH0sInNjaGVtYV92ZXJzaW9uIjoiMSJ9",
          "dependencies": [
            "data.aws_ssm_parameter.al2023_ami",
            "data.aws_vpc.default",
            "module.cognito.aws_cognito_user_group.groups",
            "module.cognito.aws_cognito_user_pool.this",
            "module.cognito.aws_cognito_user_pool_client.app",
            "module.ec2_backend.aws_iam_instance_profile.ssm_profile",
            "module.ec2_backend.aws_iam_role.ssm_role",
            "module.ec2_backend.aws_security_group.backend_sg",
            "module.rds.aws_db_instance.this",
            "module.rds.aws_db_subnet_group.this",
            "module.rds.aws_security_group.rds",
            "module.rds.data.aws_subnets.default",
            "module.rds.data.aws_vpc.default",
            "module.rds.random_password.rds"
          ]
        }
      ]
    },
    {
      "module": "module.ec2_backend",
      "mode": "managed",
      "type": "aws_security_group",
      "name": "backend_sg",
      "provider": "provider[\"registry.terraform.io/hashicorp/aws\"]",
      "instances": [
        {
          "schema_version": 1,
          "attributes": {
            "arn": "arn:aws:ec2:us-east-1:961341510224:security-group/sg-025650a7aaf92b3ec",
            "description": "Allow SSH (22) and HTTP (3000)",
            "egress": [
              {
                "cidr_blocks": [
                  "0.0.0.0/0"
                ],
                "description": "",
                "from_port": 0,
                "ipv6_cidr_blocks": [],
                "prefix_list_ids": [],
                "protocol": "-1",
                "security_groups": [],
                "self": false,
                "to_port": 0
              }
            ],
            "id": "sg-025650a7aaf92b3ec",
            "ingress": [
              {
                "cidr_blocks": [
                  "0.0.0.0/0"
                ],
                "description": "Backend HTTP",
                "from_port": 3000,
                "ipv6_cidr_blocks": [],
                "prefix_list_ids": [],
                "protocol": "tcp",
                "security_groups": [],
                "self": false,
                "to_port": 3000
              },
              {
                "cidr_blocks": [
                  "0.0.0.0/0"
                ],
                "description": "SSH",
                "from_port": 22,
                "ipv6_cidr_blocks": [],
                "prefix_list_ids": [],
                "protocol": "tcp",
                "security_groups": [],
                "self": false,
                "to_port": 22
              }
            ],
            "name": "RaabtaNow-ec2-sg",
            "name_prefix": "",
            "owner_id": "961341510224",
            "revoke_rules_on_delete": false,
            "tags": {
              "Name": "RaabtaNow-ec2-sg"
            },
            "tags_all": {
              "Name": "RaabtaNow-ec2-sg",
              "Project": "RaabtaNow"
            },
            "timeouts": null,
            "vpc_id": "vpc-092854421ecb68a89"
          },
          "sensitive_attributes": [],
          "private": "eyJlMmJmYjczMC1lY2FhLTExZTYtOGY4OC0zNDM2M2JjN2M0YzAiOnsiY3JlYXRlIjo2MDAwMDAwMDAwMDAsImRlbGV0ZSI6OTAwMDAwMDAwMDAwfSwic2NoZW1hX3ZlcnNpb24iOiIxIn0=",
          "dependencies": [
            "data.aws_vpc.default",
            "module.cognito.aws_cognito_user_group.groups",
            "module.cognito.aws_cognito_user_pool.this",
            "module.cognito.aws_cognito_user_pool_client.app",
            "module.rds.aws_db_instance.this",
            "module.rds.aws_db_subnet_group.this",
            "module.rds.aws_security_group.rds",
            "module.rds.data.aws_subnets.default",
            "module.rds.data.aws_vpc.default",
            "module.rds.random_password.rds"
          ]
        }
      ]
    },
    {
      "module": "module.rds",
      "mode": "data",
      "type": "aws_subnets",
      "name": "default",
      "provider": "provider[\"registry.terraform.io/hashicorp/aws\"]",
      "instances": [
        {
          "schema_version": 0,
          "attributes": {
            "filter": [
              {
                "name": "vpc-id",
                "values": [
                  "vpc-092854421ecb68a89"
                ]
              }
            ],
            "id": "us-east-1",
            "ids": [
              "subnet-0bb950624dbf9c1d3",
              "subnet-04b610b436c728631",
              "subnet-029fe91f7851d1c5d",
              "subnet-0b3e1b5554f20b6f3",
              "subnet-0b644cd139713e2f2",
              "subnet-077e8e2e90809de09"
            ],
            "tags": null,
            "timeouts": null
          },
          "sensitive_attributes": []
        }
      ]
    },
    {
      "module": "module.rds",
      "mode": "data",
      "type": "aws_vpc",
      "name": "default",
      "provider": "provider[\"registry.terraform.io/hashicorp/aws\"]",
      "instances": [
        {
          "schema_version": 0,
          "attributes": {
            "arn": "arn:aws:ec2:us-east-1:961341510224:vpc/vpc-092854421ecb68a89",
            "cidr_block": "172.31.0.0/16",
            "cidr_block_associations": [
              {
                "association_id": "vpc-cidr-assoc-0f2e21d612d8d358b",
                "cidr_block": "172.31.0.0/16",
                "state": "associated"
              }
            ],
            "default": true,
            "dhcp_options_id": "dopt-062aeb532ab32e1da",
            "enable_dns_hostnames": true,
            "enable_dns_support": true,
            "enable_network_address_usage_metrics": false,
            "filter": null,
            "id": "vpc-092854421ecb68a89",
            "instance_tenancy": "default",
            "ipv6_association_id": "",
            "ipv6_cidr_block": "",
            "main_route_table_id": "rtb-0018fe4a963d30af3",
            "owner_id": "961341510224",
            "state": null,
            "tags": {},
            "timeouts": null
          },
          "sensitive_attributes": []
        }
      ]
    },
    {
      "module": "module.rds",
      "mode": "managed",
      "type": "aws_db_instance",
      "name": "this",
      "provider": "provider[\"registry.terraform.io/hashicorp/aws\"]",
      "instances": [
        {
          "schema_version": 2,
          "attributes": {
            "address": "raabtanow-db.cs9siyyky9qw.us-east-1.rds.amazonaws.com",
            "allocated_storage": 20,
            "allow_major_version_upgrade": null,
            "apply_immediately": false,
            "arn": "arn:aws:rds:us-east-1:961341510224:db:raabtanow-db",
            "auto_minor_version_upgrade": true,
            "availability_zone": "us-east-1f",
            "backup_retention_period": 0,
            "backup_target": "region",
            "backup_window": "07:49-08:19",
            "blue_green_update": [],
            "ca_cert_identifier": "rds-ca-rsa2048-g1",
            "character_set_name": "",
            "copy_tags_to_snapshot": false,
            "custom_iam_instance_profile": "",
            "customer_owned_ip_enabled": false,
            "database_insights_mode": "standard",
            "db_name": "raabta",
            "db_subnet_group_name": "raabtanow-db-subnet-group",
            "dedicated_log_volume": false,
            "delete_automated_backups": true,
            "deletion_protection": false,
            "domain": "",
            "domain_auth_secret_arn": "",
            "domain_dns_ips": null,
            "domain_fqdn": "",
            "domain_iam_role_name": "",
            "domain_ou": "",
            "enabled_cloudwatch_logs_exports": null,
            "endpoint": "raabtanow-db.cs9siyyky9qw.us-east-1.rds.amazonaws.com:5432",
            "engine": "postgres",
            "engine_lifecycle_support": "open-source-rds-extended-support",
            "engine_version": "15.7",
            "engine_version_actual": "15.7",
            "final_snapshot_identifier": null,
            "hosted_zone_id": "Z2R2ITUGPM61AM",
            "iam_database_authentication_enabled": false,
            "id": "db-3UCRZOKXNN3AFLRGXZFW3YDD54",
            "identifier": "raabtanow-db",
            "identifier_prefix": "",
            "instance_class": "db.t3.micro",
            "iops": 0,
            "kms_key_id": "",
            "latest_restorable_time": "",
            "license_model": "postgresql-license",
            "listener_endpoint": [],
            "maintenance_window": "sat:09:13-sat:09:43",
            "manage_master_user_password": null,
            "master_user_secret": [],
            "master_user_secret_kms_key_id": null,
            "max_allocated_storage": 0,
            "monitoring_interval": 0,
            "monitoring_role_arn": "",
            "multi_az": false,
            "nchar_character_set_name": "",
            "network_type": "IPV4",
            "option_group_name": "default:postgres-15",
            "parameter_group_name": "default.postgres15",
            "password": "h6pPI#!-=#f#M)aQ",
            "password_wo": null,
            "password_wo_version": null,
            "performance_insights_enabled": false,
            "performance_insights_kms_key_id": "",
            "performance_insights_retention_period": 0,
            "port": 5432,
            "publicly_accessible": true,
            "replica_mode": "",
            "replicas": [],
            "replicate_source_db": "",
            "resource_id": "db-3UCRZOKXNN3AFLRGXZFW3YDD54",
            "restore_to_point_in_time": [],
            "s3_import": [],
            "skip_final_snapshot": true,
            "snapshot_identifier": null,
            "status": "available",
            "storage_encrypted": false,
            "storage_throughput": 0,
            "storage_type": "gp2",
            "tags": {
              "Name": "raabtanow-db",
              "Project": "RaabtaNow"
            },
            "tags_all": {
              "Name": "raabtanow-db",
              "Project": "RaabtaNow"
            },
            "timeouts": null,
            "timezone": "",
            "upgrade_storage_config": null,
            "username": "postgres",
            "vpc_security_group_ids": [
              "sg-07526702509047798"
            ]
          },
          "sensitive_attributes": [
            [
              {
                "type": "get_attr",
                "value": "password_wo"
              }
            ],
            [
              {
                "type": "get_attr",
                "value": "password"
              }
            ]
          ],
          "private": "eyJlMmJmYjczMC1lY2FhLTExZTYtOGY4OC0zNDM2M2JjN2M0YzAiOnsiY3JlYXRlIjozMDAwMDAwMDAwMDAwLCJkZWxldGUiOjM2MDAwMDAwMDAwMDAsInVwZGF0ZSI6NDgwMDAwMDAwMDAwMH0sInNjaGVtYV92ZXJzaW9uIjoiMiJ9",
          "dependencies": [
            "module.rds.aws_db_subnet_group.this",
            "module.rds.aws_security_group.rds",
            "module.rds.data.aws_subnets.default",
            "module.rds.data.aws_vpc.default",
            "module.rds.random_password.rds"
          ]
        }
      ]
    },
    {
      "module": "module.rds",
      "mode": "managed",
      "type": "aws_db_subnet_group",
      "name": "this",
      "provider": "provider[\"registry.terraform.io/hashicorp/aws\"]",
      "instances": [
        {
          "schema_version": 0,
          "attributes": {
            "arn": "arn:aws:rds:us-east-1:961341510224:subgrp:raabtanow-db-subnet-group",
            "description": "Managed by Terraform",
            "id": "raabtanow-db-subnet-group",
            "name": "raabtanow-db-subnet-group",
            "name_prefix": "",
            "subnet_ids": [
              "subnet-029fe91f7851d1c5d",
              "subnet-04b610b436c728631",
              "subnet-077e8e2e90809de09",
              "subnet-0b3e1b5554f20b6f3",
              "subnet-0b644cd139713e2f2",
              "subnet-0bb950624dbf9c1d3"
            ],
            "supported_network_types": [
              "IPV4"
            ],
            "tags": {
              "Name": "raabtanow-db-subnet-group",
              "Project": "RaabtaNow"
            },
            "tags_all": {
              "Name": "raabtanow-db-subnet-group",
              "Project": "RaabtaNow"
            },
            "vpc_id": "vpc-092854421ecb68a89"
          },
          "sensitive_attributes": [],
          "private": "bnVsbA==",
          "dependencies": [
            "module.rds.data.aws_subnets.default",
            "module.rds.data.aws_vpc.default"
          ]
        }
      ]
    },
    {
      "module": "module.rds",
      "mode": "managed",
      "type": "aws_security_group",
      "name": "rds",
      "provider": "provider[\"registry.terraform.io/hashicorp/aws\"]",
      "instances": [
        {
          "schema_version": 1,
          "attributes": {
            "arn": "arn:aws:ec2:us-east-1:961341510224:security-group/sg-07526702509047798",
            "description": "Allow PostgreSQL inbound",
            "egress": [
              {
                "cidr_blocks": [
                  "0.0.0.0/0"
                ],
                "description": "",
                "from_port": 0,
                "ipv6_cidr_blocks": [],
                "prefix_list_ids": [],
                "protocol": "-1",
                "security_groups": [],
                "self": false,
                "to_port": 0
              }
            ],
            "id": "sg-07526702509047798",
            "ingress": [
              {
                "cidr_blocks": [
                  "0.0.0.0/0"
                ],
                "description": "",
                "from_port": 5432,
                "ipv6_cidr_blocks": [],
                "prefix_list_ids": [],
                "protocol": "tcp",
                "security_groups": [],
                "self": false,
                "to_port": 5432
              }
            ],
            "name": "raabtanow-rds-sg",
            "name_prefix": "",
            "owner_id": "961341510224",
            "revoke_rules_on_delete": false,
            "tags": {
              "Name": "raabtanow-rds-sg",
              "Project": "RaabtaNow"
            },
            "tags_all": {
              "Name": "raabtanow-rds-sg",
              "Project": "RaabtaNow"
            },
            "timeouts": null,
            "vpc_id": "vpc-092854421ecb68a89"
          },
          "sensitive_attributes": [],
          "private": "eyJlMmJmYjczMC1lY2FhLTExZTYtOGY4OC0zNDM2M2JjN2M0YzAiOnsiY3JlYXRlIjo2MDAwMDAwMDAwMDAsImRlbGV0ZSI6OTAwMDAwMDAwMDAwfSwic2NoZW1hX3ZlcnNpb24iOiIxIn0=",
          "dependencies": [
            "module.rds.data.aws_vpc.default"
          ]
        }
      ]
    },
    {
      "module": "module.rds",
      "mode": "managed",
      "type": "random_password",
      "name": "rds",
      "provider": "provider[\"registry.terraform.io/hashicorp/random\"]",
      "instances": [
        {
          "schema_version": 3,
          "attributes": {
            "bcrypt_hash": "$2a$10$rViF6GhjrRAXMBSc6ERaFO263/lM8/Lya4Msy04Qtlw8Ebhja4lRK",
            "id": "none",
            "keepers": null,
            "length": 16,
            "lower": true,
            "min_lower": 1,
            "min_numeric": 1,
            "min_special": 1,
            "min_upper": 1,
            "number": true,
            "numeric": true,
            "override_special": "!#$%\u0026*()_+-=",
            "result": "h6pPI#!-=#f#M)aQ",
            "special": true,
            "upper": true
          },
          "sensitive_attributes": [
            [
              {
                "type": "get_attr",
                "value": "bcrypt_hash"
              }
            ],
            [
              {
                "type": "get_attr",
                "value": "result"
              }
            ]
          ]
        }
      ]
    }
  ],
  "check_results": null
}
