{
  "version": 4,
  "terraform_version": "1.11.1",
  "serial": 168,
  "lineage": "c1f9f863-2523-99ed-60ab-9da293b225ec",
  "outputs": {
    "backend_public_dns": {
      "value": "ec2-52-207-213-2.compute-1.amazonaws.com",
      "type": "string"
    },
    "backend_url": {
      "value": "http://ec2-52-207-213-2.compute-1.amazonaws.com:3000",
      "type": "string"
    },
    "cognito_app_client_id": {
      "value": "49a62h8huec212i6emb5445jdg",
      "type": "string"
    },
    "cognito_user_pool_arn": {
      "value": "arn:aws:cognito-idp:us-east-1:961341510224:userpool/us-east-1_W3tsWuyrg",
      "type": "string"
    },
    "cognito_user_pool_id": {
      "value": "us-east-1_W3tsWuyrg",
      "type": "string"
    }
  },
  "resources": [
    {
      "mode": "data",
      "type": "aws_ssm_parameter",
      "name": "al2023_ami",
      "provider": "provider[\"registry.terraform.io/hashicorp/aws\"]",
      "instances": [
        {
          "schema_version": 0,
          "attributes": {
            "arn": "arn:aws:ssm:us-east-1::parameter/aws/service/ami-amazon-linux-latest/al2023-ami-kernel-default-x86_64",
            "id": "/aws/service/ami-amazon-linux-latest/al2023-ami-kernel-default-x86_64",
            "insecure_value": "ami-0e449927258d45bc4",
            "name": "/aws/service/ami-amazon-linux-latest/al2023-ami-kernel-default-x86_64",
            "type": "String",
            "value": "ami-0e449927258d45bc4",
            "version": 116,
            "with_decryption": true
          },
          "sensitive_attributes": [
            [
              {
                "type": "get_attr",
                "value": "value"
              }
            ]
          ]
        }
      ]
    },
    {
      "mode": "data",
      "type": "aws_vpc",
      "name": "default",
      "provider": "provider[\"registry.terraform.io/hashicorp/aws\"]",
      "instances": [
        {
          "schema_version": 0,
          "attributes": {
            "arn": "arn:aws:ec2:us-east-1:961341510224:vpc/vpc-092854421ecb68a89",
            "cidr_block": "172.31.0.0/16",
            "cidr_block_associations": [
              {
                "association_id": "vpc-cidr-assoc-0f2e21d612d8d358b",
                "cidr_block": "172.31.0.0/16",
                "state": "associated"
              }
            ],
            "default": true,
            "dhcp_options_id": "dopt-062aeb532ab32e1da",
            "enable_dns_hostnames": true,
            "enable_dns_support": true,
            "enable_network_address_usage_metrics": false,
            "filter": null,
            "id": "vpc-092854421ecb68a89",
            "instance_tenancy": "default",
            "ipv6_association_id": "",
            "ipv6_cidr_block": "",
            "main_route_table_id": "rtb-0018fe4a963d30af3",
            "owner_id": "961341510224",
            "state": null,
            "tags": {},
            "timeouts": null
          },
          "sensitive_attributes": []
        }
      ]
    },
    {
      "module": "module.cognito",
      "mode": "managed",
      "type": "aws_cognito_user_group",
      "name": "groups",
      "provider": "provider[\"registry.terraform.io/hashicorp/aws\"]",
      "instances": [
        {
          "index_key": "candidate",
          "schema_version": 0,
          "attributes": {
            "description": "RaabtaNow candidate group",
            "id": "us-east-1_W3tsWuyrg/candidate",
            "name": "candidate",
            "precedence": 0,
            "role_arn": "",
            "user_pool_id": "us-east-1_W3tsWuyrg"
          },
          "sensitive_attributes": [],
          "private": "bnVsbA==",
          "dependencies": [
            "module.cognito.aws_cognito_user_pool.this"
          ]
        },
        {
          "index_key": "recruiter",
          "schema_version": 0,
          "attributes": {
            "description": "RaabtaNow recruiter group",
            "id": "us-east-1_W3tsWuyrg/recruiter",
            "name": "recruiter",
            "precedence": 0,
            "role_arn": "",
            "user_pool_id": "us-east-1_W3tsWuyrg"
          },
          "sensitive_attributes": [],
          "private": "bnVsbA==",
          "dependencies": [
            "module.cognito.aws_cognito_user_pool.this"
          ]
        }
      ]
    },
    {
      "module": "module.cognito",
      "mode": "managed",
      "type": "aws_cognito_user_pool",
      "name": "this",
      "provider": "provider[\"registry.terraform.io/hashicorp/aws\"]",
      "instances": [
        {
          "schema_version": 0,
          "attributes": {
            "account_recovery_setting": [
              {
                "recovery_mechanism": [
                  {
                    "name": "verified_email",
                    "priority": 1
                  }
                ]
              }
            ],
            "admin_create_user_config": [
              {
                "allow_admin_create_user_only": false,
                "invite_message_template": []
              }
            ],
            "alias_attributes": null,
            "arn": "arn:aws:cognito-idp:us-east-1:961341510224:userpool/us-east-1_W3tsWuyrg",
            "auto_verified_attributes": [
              "email"
            ],
            "creation_date": "2025-04-22T08:17:32Z",
            "custom_domain": "",
            "deletion_protection": "INACTIVE",
            "device_configuration": [],
            "domain": "",
            "email_configuration": [
              {
                "configuration_set": "",
                "email_sending_account": "COGNITO_DEFAULT",
                "from_email_address": "",
                "reply_to_email_address": "",
                "source_arn": ""
              }
            ],
            "email_mfa_configuration": [],
            "email_verification_message": "",
            "email_verification_subject": "",
            "endpoint": "cognito-idp.us-east-1.amazonaws.com/us-east-1_W3tsWuyrg",
            "estimated_number_of_users": 0,
            "id": "us-east-1_W3tsWuyrg",
            "lambda_config": [],
            "last_modified_date": "2025-04-22T08:17:32Z",
            "mfa_configuration": "OFF",
            "name": "RaabtaNow-pool",
            "password_policy": [
              {
                "minimum_length": 8,
                "password_history_size": 0,
                "require_lowercase": true,
                "require_numbers": true,
                "require_symbols": true,
                "require_uppercase": true,
                "temporary_password_validity_days": 7
              }
            ],
            "schema": [],
            "sign_in_policy": [
              {
                "allowed_first_auth_factors": [
                  "PASSWORD"
                ]
              }
            ],
            "sms_authentication_message": "",
            "sms_configuration": [],
            "sms_verification_message": "",
            "software_token_mfa_configuration": [],
            "tags": {
              "Name": "RaabtaNow-user-pool",
              "Project": "RaabtaNow"
            },
            "tags_all": {
              "Name": "RaabtaNow-user-pool",
              "Project": "RaabtaNow"
            },
            "user_attribute_update_settings": [],
            "user_pool_add_ons": [],
            "user_pool_tier": "ESSENTIALS",
            "username_attributes": [
              "email"
            ],
            "username_configuration": [],
            "verification_message_template": [
              {
                "default_email_option": "CONFIRM_WITH_CODE",
                "email_message": "",
                "email_message_by_link": "",
                "email_subject": "",
                "email_subject_by_link": "",
                "sms_message": ""
              }
            ],
            "web_authn_configuration": []
          },
          "sensitive_attributes": [],
          "private": "bnVsbA=="
        }
      ]
    },
    {
      "module": "module.cognito",
      "mode": "managed",
      "type": "aws_cognito_user_pool_client",
      "name": "app",
      "provider": "provider[\"registry.terraform.io/hashicorp/aws\"]",
      "instances": [
        {
          "schema_version": 0,
          "attributes": {
            "access_token_validity": 0,
            "allowed_oauth_flows": [],
            "allowed_oauth_flows_user_pool_client": false,
            "allowed_oauth_scopes": [],
            "analytics_configuration": [],
            "auth_session_validity": 3,
            "callback_urls": [],
            "client_secret": "",
            "default_redirect_uri": "",
            "enable_propagate_additional_user_context_data": false,
            "enable_token_revocation": true,
            "explicit_auth_flows": [
              "ALLOW_REFRESH_TOKEN_AUTH",
              "ALLOW_USER_PASSWORD_AUTH",
              "ALLOW_USER_SRP_AUTH"
            ],
            "generate_secret": false,
            "id": "49a62h8huec212i6emb5445jdg",
            "id_token_validity": 0,
            "logout_urls": [],
            "name": "RaabtaNow-app-client",
            "prevent_user_existence_errors": "",
            "read_attributes": [],
            "refresh_token_validity": 30,
            "supported_identity_providers": [],
            "token_validity_units": [],
            "user_pool_id": "us-east-1_W3tsWuyrg",
            "write_attributes": []
          },
          "sensitive_attributes": [
            [
              {
                "type": "get_attr",
                "value": "client_secret"
              }
            ]
          ],
          "dependencies": [
            "module.cognito.aws_cognito_user_pool.this"
          ]
        }
      ]
    },
    {
      "module": "module.ec2_backend",
      "mode": "managed",
      "type": "aws_iam_instance_profile",
      "name": "ssm_profile",
      "provider": "provider[\"registry.terraform.io/hashicorp/aws\"]",
      "instances": [
        {
          "schema_version": 0,
          "attributes": {
            "arn": "arn:aws:iam::961341510224:instance-profile/RaabtaNow-ec2-ssm-profile",
            "create_date": "2025-04-22T08:17:32Z",
            "id": "RaabtaNow-ec2-ssm-profile",
            "name": "RaabtaNow-ec2-ssm-profile",
            "name_prefix": "",
            "path": "/",
            "role": "RaabtaNow-ec2-ssm-role",
            "tags": {
              "Name": "RaabtaNow-ec2-ssm-profile"
            },
            "tags_all": {
              "Name": "RaabtaNow-ec2-ssm-profile",
              "Project": "RaabtaNow"
            },
            "unique_id": "AIPA57VDLKJIEOY5MDPWQ"
          },
          "sensitive_attributes": [],
          "private": "bnVsbA==",
          "dependencies": [
            "module.ec2_backend.aws_iam_role.ssm_role"
          ]
        }
      ]
    },
    {
      "module": "module.ec2_backend",
      "mode": "managed",
      "type": "aws_iam_role",
      "name": "ssm_role",
      "provider": "provider[\"registry.terraform.io/hashicorp/aws\"]",
      "instances": [
        {
          "schema_version": 0,
          "attributes": {
            "arn": "arn:aws:iam::961341510224:role/RaabtaNow-ec2-ssm-role",
            "assume_role_policy": "{\"Statement\":[{\"Action\":\"sts:AssumeRole\",\"Effect\":\"Allow\",\"Principal\":{\"Service\":\"ec2.amazonaws.com\"}}],\"Version\":\"2012-10-17\"}",
            "create_date": "2025-04-22T08:17:31Z",
            "description": "",
            "force_detach_policies": false,
            "id": "RaabtaNow-ec2-ssm-role",
            "inline_policy": [],
            "managed_policy_arns": [],
            "max_session_duration": 3600,
            "name": "RaabtaNow-ec2-ssm-role",
            "name_prefix": "",
            "path": "/",
            "permissions_boundary": "",
            "tags": {
              "Name": "RaabtaNow-ec2-ssm-role"
            },
            "tags_all": {
              "Name": "RaabtaNow-ec2-ssm-role",
              "Project": "RaabtaNow"
            },
            "unique_id": "AROA57VDLKJIOEIER6XNQ"
          },
          "sensitive_attributes": [],
          "private": "bnVsbA=="
        }
      ]
    },
    {
      "module": "module.ec2_backend",
      "mode": "managed",
      "type": "aws_iam_role_policy_attachment",
      "name": "ssm_core",
      "provider": "provider[\"registry.terraform.io/hashicorp/aws\"]",
      "instances": [
        {
          "schema_version": 0,
          "attributes": {
            "id": "RaabtaNow-ec2-ssm-role-20250422081730286900000001",
            "policy_arn": "arn:aws:iam::aws:policy/AmazonSSMManagedInstanceCore",
            "role": "RaabtaNow-ec2-ssm-role"
          },
          "sensitive_attributes": [],
          "private": "bnVsbA==",
          "dependencies": [
            "module.ec2_backend.aws_iam_role.ssm_role"
          ]
        }
      ]
    },
    {
      "module": "module.ec2_backend",
      "mode": "managed",
      "type": "aws_instance",
      "name": "this",
      "provider": "provider[\"registry.terraform.io/hashicorp/aws\"]",
      "instances": [
        {
          "schema_version": 1,
          "attributes": {
            "ami": "ami-0e449927258d45bc4",
            "arn": "arn:aws:ec2:us-east-1:961341510224:instance/i-0a3042402d259abb0",
            "associate_public_ip_address": true,
            "availability_zone": "us-east-1b",
            "capacity_reservation_specification": [
              {
                "capacity_reservation_preference": "open",
                "capacity_reservation_target": []
              }
            ],
            "cpu_core_count": 1,
            "cpu_options": [
              {
                "amd_sev_snp": "",
                "core_count": 1,
                "threads_per_core": 1
              }
            ],
            "cpu_threads_per_core": 1,
            "credit_specification": [
              {
                "cpu_credits": "standard"
              }
            ],
            "disable_api_stop": false,
            "disable_api_termination": false,
            "ebs_block_device": [],
            "ebs_optimized": false,
            "enable_primary_ipv6": null,
            "enclave_options": [
              {
                "enabled": false
              }
            ],
            "ephemeral_block_device": [],
            "get_password_data": false,
            "hibernation": false,
            "host_id": "",
            "host_resource_group_arn": null,
            "iam_instance_profile": "RaabtaNow-ec2-ssm-profile",
            "id": "i-0a3042402d259abb0",
            "instance_initiated_shutdown_behavior": "stop",
            "instance_lifecycle": "",
            "instance_market_options": [],
            "instance_state": "running",
            "instance_type": "t2.micro",
            "ipv6_address_count": 0,
            "ipv6_addresses": [],
            "key_name": "",
            "launch_template": [],
            "maintenance_options": [
              {
                "auto_recovery": "default"
              }
            ],
            "metadata_options": [
              {
                "http_endpoint": "enabled",
                "http_protocol_ipv6": "disabled",
                "http_put_response_hop_limit": 2,
                "http_tokens": "required",
                "instance_metadata_tags": "disabled"
              }
            ],
            "monitoring": false,
            "network_interface": [],
            "outpost_arn": "",
            "password_data": "",
            "placement_group": "",
            "placement_partition_number": 0,
            "primary_network_interface_id": "eni-00f9d0964afccea73",
            "private_dns": "ip-172-31-86-8.ec2.internal",
            "private_dns_name_options": [
              {
                "enable_resource_name_dns_a_record": false,
                "enable_resource_name_dns_aaaa_record": false,
                "hostname_type": "ip-name"
              }
            ],
            "private_ip": "172.31.86.8",
            "public_dns": "ec2-52-207-213-2.compute-1.amazonaws.com",
            "public_ip": "52.207.213.2",
            "root_block_device": [
              {
                "delete_on_termination": true,
                "device_name": "/dev/xvda",
                "encrypted": false,
                "iops": 3000,
                "kms_key_id": "",
                "tags": {
                  "Project": "RaabtaNow"
                },
                "tags_all": {
                  "Project": "RaabtaNow"
                },
                "throughput": 125,
                "volume_id": "vol-00becb614ec73b7af",
                "volume_size": 8,
                "volume_type": "gp3"
              }
            ],
            "secondary_private_ips": [],
            "security_groups": [
              "RaabtaNow-ec2-sg"
            ],
            "source_dest_check": true,
            "spot_instance_request_id": "",
            "subnet_id": "subnet-04b610b436c728631",
            "tags": {
              "Name": "RaabtaNow-ec2-instance"
            },
            "tags_all": {
              "Name": "RaabtaNow-ec2-instance",
              "Project": "RaabtaNow"
            },
            "tenancy": "default",
            "timeouts": null,
            "user_data": "53c4784c6fd207497d071c9c2540ebae913ec356",
            "user_data_base64": null,
            "user_data_replace_on_change": false,
            "volume_tags": null,
            "vpc_security_group_ids": [
              "sg-05256b55d64cc5370"
            ]
          },
          "sensitive_attributes": [
            [
              {
                "type": "get_attr",
                "value": "ami"
              }
            ]
          ],
          "private": "eyJlMmJmYjczMC1lY2FhLTExZTYtOGY4OC0zNDM2M2JjN2M0YzAiOnsiY3JlYXRlIjo2MDAwMDAwMDAwMDAsImRlbGV0ZSI6MTIwMDAwMDAwMDAwMCwicmVhZCI6OTAwMDAwMDAwMDAwLCJ1cGRhdGUiOjYwMDAwMDAwMDAwMH0sInNjaGVtYV92ZXJzaW9uIjoiMSJ9",
          "dependencies": [
            "data.aws_ssm_parameter.al2023_ami",
            "data.aws_vpc.default",
            "module.ec2_backend.aws_iam_instance_profile.ssm_profile",
            "module.ec2_backend.aws_iam_role.ssm_role",
            "module.ec2_backend.aws_security_group.backend_sg"
          ]
        }
      ]
    },
    {
      "module": "module.ec2_backend",
      "mode": "managed",
      "type": "aws_security_group",
      "name": "backend_sg",
      "provider": "provider[\"registry.terraform.io/hashicorp/aws\"]",
      "instances": [
        {
          "schema_version": 1,
          "attributes": {
            "arn": "arn:aws:ec2:us-east-1:961341510224:security-group/sg-05256b55d64cc5370",
            "description": "Allow SSH (22) and HTTP (3000)",
            "egress": [
              {
                "cidr_blocks": [
                  "0.0.0.0/0"
                ],
                "description": "",
                "from_port": 0,
                "ipv6_cidr_blocks": [],
                "prefix_list_ids": [],
                "protocol": "-1",
                "security_groups": [],
                "self": false,
                "to_port": 0
              }
            ],
            "id": "sg-05256b55d64cc5370",
            "ingress": [
              {
                "cidr_blocks": [
                  "0.0.0.0/0"
                ],
                "description": "Backend HTTP",
                "from_port": 3000,
                "ipv6_cidr_blocks": [],
                "prefix_list_ids": [],
                "protocol": "tcp",
                "security_groups": [],
                "self": false,
                "to_port": 3000
              },
              {
                "cidr_blocks": [
                  "0.0.0.0/0"
                ],
                "description": "SSH",
                "from_port": 22,
                "ipv6_cidr_blocks": [],
                "prefix_list_ids": [],
                "protocol": "tcp",
                "security_groups": [],
                "self": false,
                "to_port": 22
              }
            ],
            "name": "RaabtaNow-ec2-sg",
            "name_prefix": "",
            "owner_id": "961341510224",
            "revoke_rules_on_delete": false,
            "tags": {
              "Name": "RaabtaNow-ec2-sg"
            },
            "tags_all": {
              "Name": "RaabtaNow-ec2-sg",
              "Project": "RaabtaNow"
            },
            "timeouts": null,
            "vpc_id": "vpc-092854421ecb68a89"
          },
          "sensitive_attributes": [],
          "private": "eyJlMmJmYjczMC1lY2FhLTExZTYtOGY4OC0zNDM2M2JjN2M0YzAiOnsiY3JlYXRlIjo2MDAwMDAwMDAwMDAsImRlbGV0ZSI6OTAwMDAwMDAwMDAwfSwic2NoZW1hX3ZlcnNpb24iOiIxIn0=",
          "dependencies": [
            "data.aws_vpc.default"
          ]
        }
      ]
    }
  ],
  "check_results": null
}
